
Microsoft Visual Studio Solution File, Format Version 12.00
# Visual Studio Version 17
VisualStudioVersion = 17.7.34031.279
MinimumVisualStudioVersion = 10.0.40219.1
Project("{FAE04EC0-301F-11D3-BF4B-00C04F79EFBC}") = "Server", "Server\Server.csproj", "{F7ACD5EE-E370-4E80-9166-B6F1ECB85DD0}"
EndProject
Project("{FAE04EC0-301F-11D3-BF4B-00C04F79EFBC}") = "ServerCore", "ServerCore\ServerCore.csproj", "{19C7C4BB-AC63-474D-9002-E8F02534CA01}"
EndProject
Project("{FAE04EC0-301F-11D3-BF4B-00C04F79EFBC}") = "DummyClient", "DummyClient\DummyClient.csproj", "{E869859B-2ABD-4067-AD82-FC33C1317348}"
EndProject
Global
	GlobalSection(SolutionConfigurationPlatforms) = preSolution
		Debug|Any CPU = Debug|Any CPU
		Release|Any CPU = Release|Any CPU
	EndGlobalSection
	GlobalSection(ProjectConfigurationPlatforms) = postSolution
		{F7ACD5EE-E370-4E80-9166-B6F1ECB85DD0}.Debug|Any CPU.ActiveCfg = Debug|Any CPU
		{F7ACD5EE-E370-4E80-9166-B6F1ECB85DD0}.Debug|Any CPU.Build.0 = Debug|Any CPU
		{F7ACD5EE-E370-4E80-9166-B6F1ECB85DD0}.Release|Any CPU.ActiveCfg = Release|Any CPU
		{F7ACD5EE-E370-4E80-9166-B6F1ECB85DD0}.Release|Any CPU.Build.0 = Release|Any CPU
		{19C7C4BB-AC63-474D-9002-E8F02534CA01}.Debug|Any CPU.ActiveCfg = Debug|Any CPU
		{19C7C4BB-AC63-474D-9002-E8F02534CA01}.Debug|Any CPU.Build.0 = Debug|Any CPU
		{19C7C4BB-AC63-474D-9002-E8F02534CA01}.Release|Any CPU.ActiveCfg = Release|Any CPU
		{19C7C4BB-AC63-474D-9002-E8F02534CA01}.Release|Any CPU.Build.0 = Release|Any CPU
		{E869859B-2ABD-4067-AD82-FC33C1317348}.Debug|Any CPU.ActiveCfg = Debug|Any CPU
		{E869859B-2ABD-4067-AD82-FC33C1317348}.Debug|Any CPU.Build.0 = Debug|Any CPU
		{E869859B-2ABD-4067-AD82-FC33C1317348}.Release|Any CPU.ActiveCfg = Release|Any CPU
		{E869859B-2ABD-4067-AD82-FC33C1317348}.Release|Any CPU.Build.0 = Release|Any CPU
	EndGlobalSection
	GlobalSection(SolutionProperties) = preSolution
		HideSolutionNode = FALSE
	EndGlobalSection
	GlobalSection(ExtensibilityGlobals) = postSolution
		SolutionGuid = {83A114E7-9000-45D5-AED3-0671E31DB877}
	EndGlobalSection
EndGlobal
